Microsoft Visual Studio Solution File, Format Version 12.00
# Visual Studio Version 18
VisualStudioVersion = 18.0.11121.172
MinimumVisualStudioVersion = 10.0.40219.1
Project("{9A19103F-16F7-4668-BE54-9A1E7A4F7556}") = "Lantean.QBTSF.Test", "test\Lantean.QBTSF.Test\Lantean.QBTSF.Test.csproj", "{715E075C-1D86-4A7F-BC72-E1E24A294F17}"
EndProject
Project("{9A19103F-16F7-4668-BE54-9A1E7A4F7556}") = "Lantean.QBitTorrentClient", "src\Lantean.QBitTorrentClient\Lantean.QBitTorrentClient.csproj", "{F0DDAB07-0D6C-40C7-AFE6-08FF2C4CC7E7}"
EndProject
Project("{9A19103F-16F7-4668-BE54-9A1E7A4F7556}") = "Lantean.QBTSF", "src\Lantean.QBTSF\Lantean.QBTSF.csproj", "{83BC76CC-D51B-42AF-A6EE-FA400C300098}"
EndProject
Project("{2150E333-8FDC-42A3-9474-1A3956D46DE8}") = "Solution Items", "Solution Items", "{1BF1A631-87D7-4039-A701-88C5E0234B63}"
	ProjectSection(SolutionItems) = preProject
		.editorconfig = .editorconfig
		AGENTS.md = AGENTS.md
		global.json = global.json
		readme.md = readme.md
	EndProjectSection
EndProject
Project("{FAE04EC0-301F-11D3-BF4B-00C04F79EFBC}") = "Lantean.QBitTorrentClient.Test", "test\Lantean.QBitTorrentClient.Test\Lantean.QBitTorrentClient.Test.csproj", "{796E865C-7AA6-4BD9-B12F-394801199A75}"
EndProject
Project("{2150E333-8FDC-42A3-9474-1A3956D46DE8}") = "Test", "Test", "{344EAF42-5D2B-4F56-8B28-1F3158A37E0A}"
	ProjectSection(SolutionItems) = preProject
		test\AGENTS.md = test\AGENTS.md
	EndProjectSection
EndProject
Project("{2150E333-8FDC-42A3-9474-1A3956D46DE8}") = "Source", "Source", "{2499085D-5140-4FBD-98AE-B281312FA6D6}"
	ProjectSection(SolutionItems) = preProject
		src\AGENTS.md = src\AGENTS.md
	EndProjectSection
EndProject
Project("{2150E333-8FDC-42A3-9474-1A3956D46DE8}") = "Github", "Github", "{C9E24F29-BFB1-417C-B4F3-3C2FD0FEB40C}"
	ProjectSection(SolutionItems) = preProject
		.github\workflows\dotnet.yml = .github\workflows\dotnet.yml
	EndProjectSection
EndProject
Global
	GlobalSection(SolutionConfigurationPlatforms) = preSolution
		Debug|Any CPU = Debug|Any CPU
		Release|Any CPU = Release|Any CPU
	EndGlobalSection
	GlobalSection(ProjectConfigurationPlatforms) = postSolution
		{715E075C-1D86-4A7F-BC72-E1E24A294F17}.Debug|Any CPU.ActiveCfg = Debug|Any CPU
		{715E075C-1D86-4A7F-BC72-E1E24A294F17}.Debug|Any CPU.Build.0 = Debug|Any CPU
		{715E075C-1D86-4A7F-BC72-E1E24A294F17}.Release|Any CPU.ActiveCfg = Release|Any CPU
		{715E075C-1D86-4A7F-BC72-E1E24A294F17}.Release|Any CPU.Build.0 = Release|Any CPU
		{F0DDAB07-0D6C-40C7-AFE6-08FF2C4CC7E7}.Debug|Any CPU.ActiveCfg = Debug|Any CPU
		{F0DDAB07-0D6C-40C7-AFE6-08FF2C4CC7E7}.Debug|Any CPU.Build.0 = Debug|Any CPU
		{F0DDAB07-0D6C-40C7-AFE6-08FF2C4CC7E7}.Release|Any CPU.ActiveCfg = Release|Any CPU
		{F0DDAB07-0D6C-40C7-AFE6-08FF2C4CC7E7}.Release|Any CPU.Build.0 = Release|Any CPU
		{83BC76CC-D51B-42AF-A6EE-FA400C300098}.Debug|Any CPU.ActiveCfg = Debug|Any CPU
		{83BC76CC-D51B-42AF-A6EE-FA400C300098}.Debug|Any CPU.Build.0 = Debug|Any CPU
		{83BC76CC-D51B-42AF-A6EE-FA400C300098}.Release|Any CPU.ActiveCfg = Release|Any CPU
		{83BC76CC-D51B-42AF-A6EE-FA400C300098}.Release|Any CPU.Build.0 = Release|Any CPU
		{796E865C-7AA6-4BD9-B12F-394801199A75}.Debug|Any CPU.ActiveCfg = Debug|Any CPU
		{796E865C-7AA6-4BD9-B12F-394801199A75}.Debug|Any CPU.Build.0 = Debug|Any CPU
		{796E865C-7AA6-4BD9-B12F-394801199A75}.Release|Any CPU.ActiveCfg = Release|Any CPU
		{796E865C-7AA6-4BD9-B12F-394801199A75}.Release|Any CPU.Build.0 = Release|Any CPU
	EndGlobalSection
	GlobalSection(SolutionProperties) = preSolution
		HideSolutionNode = FALSE
	EndGlobalSection
	GlobalSection(NestedProjects) = preSolution
		{715E075C-1D86-4A7F-BC72-E1E24A294F17} = {344EAF42-5D2B-4F56-8B28-1F3158A37E0A}
		{F0DDAB07-0D6C-40C7-AFE6-08FF2C4CC7E7} = {2499085D-5140-4FBD-98AE-B281312FA6D6}
		{83BC76CC-D51B-42AF-A6EE-FA400C300098} = {2499085D-5140-4FBD-98AE-B281312FA6D6}
		{796E865C-7AA6-4BD9-B12F-394801199A75} = {344EAF42-5D2B-4F56-8B28-1F3158A37E0A}
	EndGlobalSection
	GlobalSection(ExtensibilityGlobals) = postSolution
		SolutionGuid = {82E46DB7-956A-4971-BB18-1F20650EC1A4}
	EndGlobalSection
EndGlobal
